
Microsoft Visual Studio Solution File, Format Version 12.00
# Visual Studio Version 16
VisualStudioVersion = 16.0.34031.81
MinimumVisualStudioVersion = 10.0.40219.1
Project("{2150E333-8FDC-42A3-9474-1A3956D46DE8}") = "Task0", "Task0", "{D99AD49F-883D-441C-BC9C-6F440C349883}"
EndProject
Project("{FAE04EC0-301F-11D3-BF4B-00C04F79EFBC}") = "Tyuiu.DeminDA.Sprint5.Task0.V10", "Tyuiu.DeminDA.Sprint5.Task0.V10\Tyuiu.DeminDA.Sprint5.Task0.V10.csproj", "{3420ACCF-BC7B-4AA9-A877-7DE7B157C729}"
EndProject
Project("{FAE04EC0-301F-11D3-BF4B-00C04F79EFBC}") = "Tyuiu.DeminDA.Sprint5.Task0.V10.Lib", "Tyuiu.DeminDA.Sprint5.Task0.V10.Lib\Tyuiu.DeminDA.Sprint5.Task0.V10.Lib.csproj", "{272BFF7B-19D6-4670-B243-D4D4DF6B6ABC}"
EndProject
Project("{FAE04EC0-301F-11D3-BF4B-00C04F79EFBC}") = "Tyuiu.DeminDA.Sprint5.Task0.V10.Test", "Tyuiu.DeminDA.Sprint5.Task0.V10.Test\Tyuiu.DeminDA.Sprint5.Task0.V10.Test.csproj", "{86CB021B-2C16-4F6D-988B-C707EADC2901}"
EndProject
Project("{2150E333-8FDC-42A3-9474-1A3956D46DE8}") = "Task1", "Task1", "{7446B7F3-8A12-46B3-8D31-5D8FD4B2EACD}"
EndProject
Project("{FAE04EC0-301F-11D3-BF4B-00C04F79EFBC}") = "Tyuiu.DeminDA.Sprint5.Task1.V24", "Tyuiu.DeminDA.Sprint5.Task1.V24\Tyuiu.DeminDA.Sprint5.Task1.V24.csproj", "{4BD74559-BE97-4337-91CA-7BF58CF6DA5F}"
EndProject
Project("{FAE04EC0-301F-11D3-BF4B-00C04F79EFBC}") = "Tyuiu.DeminDA.Sprint5.Task1.V24.Lib", "Tyuiu.DeminDA.Sprint5.Task1.V24.Lib\Tyuiu.DeminDA.Sprint5.Task1.V24.Lib.csproj", "{9B02C51F-B4B7-4E46-985F-D62130E5AED7}"
EndProject
Project("{FAE04EC0-301F-11D3-BF4B-00C04F79EFBC}") = "Tyuiu.DeminDA.Sprint5.Task1.V24.Test", "Tyuiu.DeminDA.Sprint5.Task1.V24.Test\Tyuiu.DeminDA.Sprint5.Task1.V24.Test.csproj", "{AA154269-24BD-4CFC-8A49-47F57B94D402}"
EndProject
Project("{2150E333-8FDC-42A3-9474-1A3956D46DE8}") = "Task2", "Task2", "{7009B61F-85E1-433E-9990-8D8267B6CFDB}"
EndProject
Project("{FAE04EC0-301F-11D3-BF4B-00C04F79EFBC}") = "Tyuiu.DeminDA.Sprint5.Task2.V14", "Tyuiu.DeminDA.Sprint5.Task2.V14\Tyuiu.DeminDA.Sprint5.Task2.V14.csproj", "{00C5240C-5946-498A-A6E7-11153206A404}"
EndProject
Project("{FAE04EC0-301F-11D3-BF4B-00C04F79EFBC}") = "Tyuiu.DeminDA.Sprint5.Task2.V14.Lib", "Tyuiu.DeminDA.Sprint5.Task2.V14.Lib\Tyuiu.DeminDA.Sprint5.Task2.V14.Lib.csproj", "{635EE14A-9C3F-4569-B39F-8E687539D18E}"
EndProject
Project("{FAE04EC0-301F-11D3-BF4B-00C04F79EFBC}") = "Tyuiu.DeminDA.Sprint5.Task2.V14.Test", "Tyuiu.DeminDA.Sprint5.Task2.V14.Test\Tyuiu.DeminDA.Sprint5.Task2.V14.Test.csproj", "{CD477881-D1F8-4D32-AF3E-2CCA7873D1A9}"
EndProject
Global
	GlobalSection(SolutionConfigurationPlatforms) = preSolution
		Debug|Any CPU = Debug|Any CPU
		Release|Any CPU = Release|Any CPU
	EndGlobalSection
	GlobalSection(ProjectConfigurationPlatforms) = postSolution
		{3420ACCF-BC7B-4AA9-A877-7DE7B157C729}.Debug|Any CPU.ActiveCfg = Debug|Any CPU
		{3420ACCF-BC7B-4AA9-A877-7DE7B157C729}.Debug|Any CPU.Build.0 = Debug|Any CPU
		{3420ACCF-BC7B-4AA9-A877-7DE7B157C729}.Release|Any CPU.ActiveCfg = Release|Any CPU
		{3420ACCF-BC7B-4AA9-A877-7DE7B157C729}.Release|Any CPU.Build.0 = Release|Any CPU
		{272BFF7B-19D6-4670-B243-D4D4DF6B6ABC}.Debug|Any CPU.ActiveCfg = Debug|Any CPU
		{272BFF7B-19D6-4670-B243-D4D4DF6B6ABC}.Debug|Any CPU.Build.0 = Debug|Any CPU
		{272BFF7B-19D6-4670-B243-D4D4DF6B6ABC}.Release|Any CPU.ActiveCfg = Release|Any CPU
		{272BFF7B-19D6-4670-B243-D4D4DF6B6ABC}.Release|Any CPU.Build.0 = Release|Any CPU
		{86CB021B-2C16-4F6D-988B-C707EADC2901}.Debug|Any CPU.ActiveCfg = Debug|Any CPU
		{86CB021B-2C16-4F6D-988B-C707EADC2901}.Debug|Any CPU.Build.0 = Debug|Any CPU
		{86CB021B-2C16-4F6D-988B-C707EADC2901}.Release|Any CPU.ActiveCfg = Release|Any CPU
		{86CB021B-2C16-4F6D-988B-C707EADC2901}.Release|Any CPU.Build.0 = Release|Any CPU
		{4BD74559-BE97-4337-91CA-7BF58CF6DA5F}.Debug|Any CPU.ActiveCfg = Debug|Any CPU
		{4BD74559-BE97-4337-91CA-7BF58CF6DA5F}.Debug|Any CPU.Build.0 = Debug|Any CPU
		{4BD74559-BE97-4337-91CA-7BF58CF6DA5F}.Release|Any CPU.ActiveCfg = Release|Any CPU
		{4BD74559-BE97-4337-91CA-7BF58CF6DA5F}.Release|Any CPU.Build.0 = Release|Any CPU
		{9B02C51F-B4B7-4E46-985F-D62130E5AED7}.Debug|Any CPU.ActiveCfg = Debug|Any CPU
		{9B02C51F-B4B7-4E46-985F-D62130E5AED7}.Debug|Any CPU.Build.0 = Debug|Any CPU
		{9B02C51F-B4B7-4E46-985F-D62130E5AED7}.Release|Any CPU.ActiveCfg = Release|Any CPU
		{9B02C51F-B4B7-4E46-985F-D62130E5AED7}.Release|Any CPU.Build.0 = Release|Any CPU
		{AA154269-24BD-4CFC-8A49-47F57B94D402}.Debug|Any CPU.ActiveCfg = Debug|Any CPU
		{AA154269-24BD-4CFC-8A49-47F57B94D402}.Debug|Any CPU.Build.0 = Debug|Any CPU
		{AA154269-24BD-4CFC-8A49-47F57B94D402}.Release|Any CPU.ActiveCfg = Release|Any CPU
		{AA154269-24BD-4CFC-8A49-47F57B94D402}.Release|Any CPU.Build.0 = Release|Any CPU
		{00C5240C-5946-498A-A6E7-11153206A404}.Debug|Any CPU.ActiveCfg = Debug|Any CPU
		{00C5240C-5946-498A-A6E7-11153206A404}.Debug|Any CPU.Build.0 = Debug|Any CPU
		{00C5240C-5946-498A-A6E7-11153206A404}.Release|Any CPU.ActiveCfg = Release|Any CPU
		{00C5240C-5946-498A-A6E7-11153206A404}.Release|Any CPU.Build.0 = Release|Any CPU
		{635EE14A-9C3F-4569-B39F-8E687539D18E}.Debug|Any CPU.ActiveCfg = Debug|Any CPU
		{635EE14A-9C3F-4569-B39F-8E687539D18E}.Debug|Any CPU.Build.0 = Debug|Any CPU
		{635EE14A-9C3F-4569-B39F-8E687539D18E}.Release|Any CPU.ActiveCfg = Release|Any CPU
		{635EE14A-9C3F-4569-B39F-8E687539D18E}.Release|Any CPU.Build.0 = Release|Any CPU
		{CD477881-D1F8-4D32-AF3E-2CCA7873D1A9}.Debug|Any CPU.ActiveCfg = Debug|Any CPU
		{CD477881-D1F8-4D32-AF3E-2CCA7873D1A9}.Debug|Any CPU.Build.0 = Debug|Any CPU
		{CD477881-D1F8-4D32-AF3E-2CCA7873D1A9}.Release|Any CPU.ActiveCfg = Release|Any CPU
		{CD477881-D1F8-4D32-AF3E-2CCA7873D1A9}.Release|Any CPU.Build.0 = Release|Any CPU
	EndGlobalSection
	GlobalSection(SolutionProperties) = preSolution
		HideSolutionNode = FALSE
	EndGlobalSection
	GlobalSection(NestedProjects) = preSolution
		{3420ACCF-BC7B-4AA9-A877-7DE7B157C729} = {D99AD49F-883D-441C-BC9C-6F440C349883}
		{272BFF7B-19D6-4670-B243-D4D4DF6B6ABC} = {D99AD49F-883D-441C-BC9C-6F440C349883}
		{86CB021B-2C16-4F6D-988B-C707EADC2901} = {D99AD49F-883D-441C-BC9C-6F440C349883}
		{4BD74559-BE97-4337-91CA-7BF58CF6DA5F} = {7446B7F3-8A12-46B3-8D31-5D8FD4B2EACD}
		{9B02C51F-B4B7-4E46-985F-D62130E5AED7} = {7446B7F3-8A12-46B3-8D31-5D8FD4B2EACD}
		{AA154269-24BD-4CFC-8A49-47F57B94D402} = {7446B7F3-8A12-46B3-8D31-5D8FD4B2EACD}
		{00C5240C-5946-498A-A6E7-11153206A404} = {7009B61F-85E1-433E-9990-8D8267B6CFDB}
		{635EE14A-9C3F-4569-B39F-8E687539D18E} = {7009B61F-85E1-433E-9990-8D8267B6CFDB}
		{CD477881-D1F8-4D32-AF3E-2CCA7873D1A9} = {7009B61F-85E1-433E-9990-8D8267B6CFDB}
	EndGlobalSection
	GlobalSection(ExtensibilityGlobals) = postSolution
		SolutionGuid = {51732CB3-A0DB-4A89-9795-C4E9E09B8CC6}
	EndGlobalSection
EndGlobal
